{
  "name": "ghadeeras.github.io",
  "version": "1.0.0",
  "lockfileVersion": 2,
  "requires": true,
  "packages": {
    "": {
      "name": "ghadeeras.github.io",
      "version": "1.0.0",
      "license": "MIT",
      "devDependencies": {
        "@webgpu/types": "^0.1.7"
      }
    },
    "node_modules/@webgpu/types": {
      "version": "0.1.9",
      "resolved": "https://registry.npmjs.org/@webgpu/types/-/types-0.1.9.tgz",
      "integrity": "sha512-CGG93bZ4znugJ7KWdvWYGTemt7rUmdpzt1BOMCHI/5Kgt08tOtnn9sFmk4ZT26aGgwxBT5iC/djCxzbfxVdldA==",
      "dev": true
    }
  },
  "dependencies": {
    "@webgpu/types": {
      "version": "0.1.9",
      "resolved": "https://registry.npmjs.org/@webgpu/types/-/types-0.1.9.tgz",
      "integrity": "sha512-CGG93bZ4znugJ7KWdvWYGTemt7rUmdpzt1BOMCHI/5Kgt08tOtnn9sFmk4ZT26aGgwxBT5iC/djCxzbfxVdldA==",
      "dev": true
    }
  }
}
