{
  "name": "ghadeeras.github.io",
  "version": "1.0.0",
  "lockfileVersion": 2,
  "requires": true,
  "packages": {
    "": {
      "name": "ghadeeras.github.io",
      "version": "1.0.0",
      "license": "MIT",
      "devDependencies": {
        "@webgpu/types": "^0.1.13"
      }
    },
    "node_modules/@webgpu/types": {
      "version": "0.1.13",
      "resolved": "https://registry.npmjs.org/@webgpu/types/-/types-0.1.13.tgz",
      "integrity": "sha512-SAq8FRONvMANQi/eXw5ArKfSvih6am/EC+5y7+du2xf1VyprtKn4ylUPKGW4T6ZkDogtH3xZgGE+J/cx601L5w==",
      "dev": true
    }
  },
  "dependencies": {
    "@webgpu/types": {
      "version": "0.1.13",
      "resolved": "https://registry.npmjs.org/@webgpu/types/-/types-0.1.13.tgz",
      "integrity": "sha512-SAq8FRONvMANQi/eXw5ArKfSvih6am/EC+5y7+du2xf1VyprtKn4ylUPKGW4T6ZkDogtH3xZgGE+J/cx601L5w==",
      "dev": true
    }
  }
}
