{
  "name": "ghadeeras.github.io",
  "version": "1.0.0",
  "lockfileVersion": 2,
  "requires": true,
  "packages": {
    "": {
      "name": "ghadeeras.github.io",
      "version": "1.0.0",
      "license": "MIT",
      "devDependencies": {
        "@webgpu/types": "^0.1.15"
      }
    },
    "node_modules/@webgpu/types": {
      "version": "0.1.15",
      "resolved": "https://registry.npmjs.org/@webgpu/types/-/types-0.1.15.tgz",
      "integrity": "sha512-ZmVadVywHYarPkXi6ieoiHRotkrfLVKo6WIkmh2QuJ76prDFnILYoOoym9PMY/sdEI4Jf9ICwJEGBoPvbXJNSQ==",
      "dev": true
    }
  },
  "dependencies": {
    "@webgpu/types": {
      "version": "0.1.15",
      "resolved": "https://registry.npmjs.org/@webgpu/types/-/types-0.1.15.tgz",
      "integrity": "sha512-ZmVadVywHYarPkXi6ieoiHRotkrfLVKo6WIkmh2QuJ76prDFnILYoOoym9PMY/sdEI4Jf9ICwJEGBoPvbXJNSQ==",
      "dev": true
    }
  }
}
